
Microsoft Visual Studio Solution File, Format Version 12.00
# Visual Studio Version 17
VisualStudioVersion = 17.2.32505.173
MinimumVisualStudioVersion = 10.0.40219.1
Project("{FAE04EC0-301F-11D3-BF4B-00C04F79EFBC}") = "Bank_App_SQL-WPF", "Bank_App_SQL-WPF.csproj", "{53115A27-7508-4E36-9900-A8F4E647D465}"
EndProject
Project("{9A19103F-16F7-4668-BE54-9A1E7A4F7556}") = "Saving_InfoLog_ClassLibrary", "Saving_InfoLog_ClassLibrary\Saving_InfoLog_ClassLibrary.csproj", "{FF3DE728-4237-4992-B34A-F51164F6415C}"
EndProject
Global
	GlobalSection(SolutionConfigurationPlatforms) = preSolution
		Debug|Any CPU = Debug|Any CPU
		Release|Any CPU = Release|Any CPU
	EndGlobalSection
	GlobalSection(ProjectConfigurationPlatforms) = postSolution
		{53115A27-7508-4E36-9900-A8F4E647D465}.Debug|Any CPU.ActiveCfg = Debug|Any CPU
		{53115A27-7508-4E36-9900-A8F4E647D465}.Debug|Any CPU.Build.0 = Debug|Any CPU
		{53115A27-7508-4E36-9900-A8F4E647D465}.Release|Any CPU.ActiveCfg = Release|Any CPU
		{53115A27-7508-4E36-9900-A8F4E647D465}.Release|Any CPU.Build.0 = Release|Any CPU
		{FF3DE728-4237-4992-B34A-F51164F6415C}.Debug|Any CPU.ActiveCfg = Debug|Any CPU
		{FF3DE728-4237-4992-B34A-F51164F6415C}.Debug|Any CPU.Build.0 = Debug|Any CPU
		{FF3DE728-4237-4992-B34A-F51164F6415C}.Release|Any CPU.ActiveCfg = Release|Any CPU
		{FF3DE728-4237-4992-B34A-F51164F6415C}.Release|Any CPU.Build.0 = Release|Any CPU
	EndGlobalSection
	GlobalSection(SolutionProperties) = preSolution
		HideSolutionNode = FALSE
	EndGlobalSection
	GlobalSection(ExtensibilityGlobals) = postSolution
		SolutionGuid = {D352EB7E-A91A-42A5-95D6-ACB33A931B32}
	EndGlobalSection
EndGlobal
